
Microsoft Visual Studio Solution File, Format Version 12.00
# Visual Studio Version 17
VisualStudioVersion = 17.9.34518.117
MinimumVisualStudioVersion = 10.0.40219.1
Project("{FAE04EC0-301F-11D3-BF4B-00C04F79EFBC}") = "CourseCalendarApp", "CourseCalendarApp\CourseCalendarApp.csproj", "{118048BD-8CB3-4359-A974-241822F43E60}"
EndProject
Project("{FAE04EC0-301F-11D3-BF4B-00C04F79EFBC}") = "UVACanvasAccess", "UVACanvasAccess\UVACanvasAccess\UVACanvasAccess.csproj", "{1FB84D6A-DA03-443F-B358-0B9FA56EC20A}"
EndProject
Global
	GlobalSection(SolutionConfigurationPlatforms) = preSolution
		Debug|Any CPU = Debug|Any CPU
		Release|Any CPU = Release|Any CPU
	EndGlobalSection
	GlobalSection(ProjectConfigurationPlatforms) = postSolution
		{118048BD-8CB3-4359-A974-241822F43E60}.Debug|Any CPU.ActiveCfg = Debug|Any CPU
		{118048BD-8CB3-4359-A974-241822F43E60}.Debug|Any CPU.Build.0 = Debug|Any CPU
		{118048BD-8CB3-4359-A974-241822F43E60}.Release|Any CPU.ActiveCfg = Release|Any CPU
		{118048BD-8CB3-4359-A974-241822F43E60}.Release|Any CPU.Build.0 = Release|Any CPU
		{1FB84D6A-DA03-443F-B358-0B9FA56EC20A}.Debug|Any CPU.ActiveCfg = Debug|Any CPU
		{1FB84D6A-DA03-443F-B358-0B9FA56EC20A}.Debug|Any CPU.Build.0 = Debug|Any CPU
		{1FB84D6A-DA03-443F-B358-0B9FA56EC20A}.Release|Any CPU.ActiveCfg = Release|Any CPU
		{1FB84D6A-DA03-443F-B358-0B9FA56EC20A}.Release|Any CPU.Build.0 = Release|Any CPU
	EndGlobalSection
	GlobalSection(SolutionProperties) = preSolution
		HideSolutionNode = FALSE
	EndGlobalSection
	GlobalSection(ExtensibilityGlobals) = postSolution
		SolutionGuid = {FF3CB313-1A39-4860-BE72-7FD0F165069B}
	EndGlobalSection
EndGlobal
